<?xml version="1.0" encoding="utf-8"?>
<Project ToolsVersion="4.0" xmlns="http://schemas.microsoft.com/developer/msbuild/2003">
  <ItemGroup>
    <Filter Include="Source Files">
      <UniqueIdentifier>{4FC737F1-C7A5-4376-A066-2A32D752A2FF}</UniqueIdentifier>
      <Extensions>qml;cpp;c;cc;cxx;def;odl;idl;hpj;bat;asm;asmx</Extensions>
    </Filter>
    <Filter Include="Header Files">
      <UniqueIdentifier>{93995380-89BD-4b04-88EB-625FBE52EBFB}</UniqueIdentifier>
      <Extensions>h;hh;hpp;hxx;hm;inl;inc;xsd</Extensions>
    </Filter>
    <Filter Include="Resource Files">
      <UniqueIdentifier>{67DA6AB6-F800-4c08-8B7A-83BB121AAD01}</UniqueIdentifier>
      <Extensions>qrc;rc;ico;cur;bmp;dlg;rc2;rct;bin;rgs;gif;jpg;jpeg;jpe;resx;tiff;tif;png;wav;mfcribbon-ms</Extensions>
    </Filter>
    <Filter Include="Form Files">
      <UniqueIdentifier>{99349809-55BA-4b9d-BF79-8FDBB0286EB3}</UniqueIdentifier>
      <Extensions>ui</Extensions>
    </Filter>
    <Filter Include="Translation Files">
      <UniqueIdentifier>{639EADAA-A684-42e4-A9AD-28FC9BCB8F7C}</UniqueIdentifier>
      <Extensions>ts</Extensions>
    </Filter>
  </ItemGroup>
  <ItemGroup>
    <QtRcc Include="YCZSoftware_VS.qrc">
      <Filter>Resource Files</Filter>
    </QtRcc>
    <QtUic Include="YCZSoftware_VS.ui">
      <Filter>Form Files</Filter>
    </QtUic>
    <QtMoc Include="YCZSoftware_VS.h">
      <Filter>Header Files</Filter>
    </QtMoc>
    <ClCompile Include="YCZSoftware_VS.cpp">
      <Filter>Source Files</Filter>
    </ClCompile>
  </ItemGroup>
  <ItemGroup>
    <ClCompile Include="main.cpp">
      <Filter>Source Files</Filter>
    </ClCompile>
    <ClCompile Include="MainWindow.cpp">
      <Filter>Source Files</Filter>
    </ClCompile>
    <ClCompile Include="src\entity\Entity3D.cpp">
      <Filter>Source Files</Filter>
    </ClCompile>
    <ClCompile Include="src\service\Canvas3DService.cpp">
      <Filter>Source Files</Filter>
    </ClCompile>
    <ClCompile Include="src\service\FileLoadingService.cpp">
      <Filter>Source Files</Filter>
    </ClCompile>
    <ClCompile Include="src\service\LoadingXYZDataDialog.cpp">
      <Filter>Source Files</Filter>
    </ClCompile>
    <ClCompile Include="src\service\Lyr3DSelectDialog.cpp">
      <Filter>Source Files</Filter>
    </ClCompile>
    <ClCompile Include="src\service\MainWindow3D.cpp">
      <Filter>Source Files</Filter>
    </ClCompile>
    <ClCompile Include="LayerMenuProvider.cpp">
      <Filter>Source Files</Filter>
    </ClCompile>
    <ClCompile Include="MapToolSelectFeatures.cpp">
      <Filter>Source Files</Filter>
    </ClCompile>
    <ClCompile Include="src\service\aboutsoftdialog.cpp">
      <Filter>Source Files</Filter>
    </ClCompile>
    <ClCompile Include="src\service\layerpropform.cpp">
      <Filter>Source Files</Filter>
    </ClCompile>
    <ClCompile Include="src\service\sqldialog.cpp">
      <Filter>Source Files</Filter>
    </ClCompile>
    <ClCompile Include="Project.cpp">
      <Filter>Source Files</Filter>
    </ClCompile>
    <ClCompile Include="src\service\RunPyService.cpp">
      <Filter>Source Files</Filter>
    </ClCompile>
    <ClCompile Include="src\service\YCZFilterPyThread.cpp">
      <Filter>Source Files</Filter>
    </ClCompile>
    <ClCompile Include="src\service\YCZFilterServiceDialog.cpp">
      <Filter>Source Files</Filter>
    </ClCompile>
    <ClCompile Include="src\service\YCZFilterPyThread2D.cpp">
      <Filter>Source Files</Filter>
    </ClCompile>
    <ClCompile Include="src\service\oyczfilterservicedialog.cpp">
      <Filter>Source Files</Filter>
    </ClCompile>
  </ItemGroup>
  <ItemGroup>
    <QtMoc Include="MainWindow.h">
      <Filter>Header Files</Filter>
    </QtMoc>
    <QtMoc Include="src\service\Canvas3DService.h">
      <Filter>Header Files</Filter>
    </QtMoc>
    <QtMoc Include="src\service\LoadingXYZDataDialog.h">
      <Filter>Header Files</Filter>
    </QtMoc>
    <QtMoc Include="src\service\Lyr3DSelectDialog.h">
      <Filter>Header Files</Filter>
    </QtMoc>
    <QtMoc Include="src\service\MainWindow3D.h">
      <Filter>Header Files</Filter>
    </QtMoc>
    <QtMoc Include="MapToolSelectFeatures.h">
      <Filter>Header Files</Filter>
    </QtMoc>
    <QtMoc Include="src\service\aboutsoftdialog.h">
      <Filter>Header Files</Filter>
    </QtMoc>
    <QtMoc Include="src\service\sqldialog.h">
      <Filter>Header Files</Filter>
    </QtMoc>
    <QtMoc Include="src\service\layerpropform.h">
      <Filter>Header Files</Filter>
    </QtMoc>
    <QtMoc Include="LayerMenuProvider.h">
      <Filter>Header Files</Filter>
    </QtMoc>
    <QtMoc Include="Project.h">
      <Filter>Header Files</Filter>
    </QtMoc>
    <QtMoc Include="src\service\RunPyService.h">
      <Filter>Header Files</Filter>
    </QtMoc>
    <QtMoc Include="src\service\YCZFilterPyThread.h">
      <Filter>Header Files</Filter>
    </QtMoc>
    <QtMoc Include="src\service\YCZFilterServiceDialog.h">
      <Filter>Header Files</Filter>
    </QtMoc>
    <QtMoc Include="src\service\YCZFilterPyThread2D.h">
      <Filter>Header Files</Filter>
    </QtMoc>
    <QtMoc Include="src\service\oyczfilterservicedialog.h">
      <Filter>Header Files</Filter>
    </QtMoc>
  </ItemGroup>
  <ItemGroup>
    <QtUic Include="MainWindow.ui">
      <Filter>Form Files</Filter>
    </QtUic>
    <QtUic Include="src\service\Canvas3DService.ui">
      <Filter>Form Files</Filter>
    </QtUic>
    <QtUic Include="src\service\LoadingXYZDataDialog.ui">
      <Filter>Form Files</Filter>
    </QtUic>
    <QtUic Include="src\service\Lyr3DSelectDialog.ui">
      <Filter>Form Files</Filter>
    </QtUic>
    <QtUic Include="src\service\MainWindow3D.ui">
      <Filter>Form Files</Filter>
    </QtUic>
    <QtUic Include="src\service\aboutsoftdialog.ui">
      <Filter>Form Files</Filter>
    </QtUic>
    <QtUic Include="src\service\layerpropform.ui">
      <Filter>Form Files</Filter>
    </QtUic>
    <QtUic Include="src\service\sqldialog.ui">
      <Filter>Form Files</Filter>
    </QtUic>
    <QtUic Include="src\service\YCZFilterServiceDialog.ui">
      <Filter>Form Files</Filter>
    </QtUic>
    <QtUic Include="src\service\oyczfilterservicedialog.ui">
      <Filter>Form Files</Filter>
    </QtUic>
  </ItemGroup>
  <ItemGroup>
    <None Include="config\config.json">
      <Filter>Resource Files</Filter>
    </None>
    <None Include="resource\shader\gl.frag">
      <Filter>Resource Files</Filter>
    </None>
    <None Include="resource\shader\gl.vert">
      <Filter>Resource Files</Filter>
    </None>
  </ItemGroup>
  <ItemGroup>
    <ClInclude Include="src\entity\Entity3D.h">
      <Filter>Header Files</Filter>
    </ClInclude>
    <ClInclude Include="src\service\FileLoadingService.h">
      <Filter>Header Files</Filter>
    </ClInclude>
    <ClInclude Include="src\macro.h">
      <Filter>Header Files</Filter>
    </ClInclude>
  </ItemGroup>
</Project>